
Microsoft Visual Studio Solution File, Format Version 11.00
# Visual Studio 2010
Project("{FAE04EC0-301F-11D3-BF4B-00C04F79EFBC}") = "Muse Test", "Assembly-CSharp.csproj", "{78366393-3CE3-C7EA-9600-CDC7D36B7DC6}"
EndProject
Global
	GlobalSection(SolutionConfigurationPlatforms) = preSolution
		Debug|Any CPU = Debug|Any CPU
		Release|Any CPU = Release|Any CPU
	EndGlobalSection
	GlobalSection(ProjectConfigurationPlatforms) = postSolution
		{78366393-3CE3-C7EA-9600-CDC7D36B7DC6}.Debug|Any CPU.ActiveCfg = Debug|Any CPU
		{78366393-3CE3-C7EA-9600-CDC7D36B7DC6}.Debug|Any CPU.Build.0 = Debug|Any CPU
		{78366393-3CE3-C7EA-9600-CDC7D36B7DC6}.Release|Any CPU.ActiveCfg = Release|Any CPU
		{78366393-3CE3-C7EA-9600-CDC7D36B7DC6}.Release|Any CPU.Build.0 = Release|Any CPU
	EndGlobalSection
	GlobalSection(SolutionProperties) = preSolution
		HideSolutionNode = FALSE
	EndGlobalSection
	GlobalSection(MonoDevelopProperties) = preSolution
		StartupItem = Assembly-CSharp.csproj
	EndGlobalSection
EndGlobal
